github.com/adrg/xdg v0.5.3 h1:xRnxJXne7+oWDatRhR1JLnvuccuIeCoBu2rtuLqQB78=
github.com/adrg/xdg v0.5.3/go.mod h1:nlTsY+NNiCBGCK2tpm09vRqfVzrc2fLmXGpBLF0zlTQ=
github.com/davecgh/go-spew v1.1.1 h1:vj9j/u1bqnvCEfJOwUhtlOARqs3+rkHYY13jYWTU97c=
github.com/davecgh/go-spew v1.1.1/go.mod h1:J7Y8YcW2NihsgmVo/mv3lAwl/skON4iLHjSsI+c5H38=
github.com/disintegration/imaging v1.6.2 h1:w1LecBlG2Lnp8B3jk5zSuNqd7b4DXhcjwek1ei82L+c=
github.com/disintegration/imaging v1.6.2/go.mod h1:44/5580QXChDfwIclfc/PCwrr44amcmDAg8hxG0Ewe4=
github.com/dustin/go-humanize v1.0.1 h1:GzkhY7T5VNhEkwH0PVJgjz+fX1rhBrR7pRT3mDkpeCY=
github.com/dustin/go-humanize v1.0.1/go.mod h1:Mu1zIs6XwVuF/gI1OepvI0qD18qycQx+mFykh5fBlto=
github.com/ebitengine/purego v0.9.1 h1:a/k2f2HQU3Pi399RPW1MOaZyhKJL9w/xFpKAg4q1s0A=
github.com/ebitengine/purego v0.9.1/go.mod h1:iIjxzd6CiRiOG0UyXP+V1+jWqUXVjPKLAI0mRfJZTmQ=
github.com/expr-lang/expr v1.17.2 h1:o0A99O/Px+/DTjEnQiodAgOIK9PPxL8DtXhBRKC+Iso=
github.com/expr-lang/expr v1.17.2/go.mod h1:8/vRC7+7HBzESEqt5kKpYXxrxkr31SaO8r40VO/1IT4=
github.com/google/uuid v1.6.0 h1:NIvaJDMOsjHA8n1jAhLSgzrAzy1Hgr+hNrb57e+94F0=
github.com/google/uuid v1.6.0/go.mod h1:TIyPZe4MgqvfeYDBFedMoGGpEw/LqOeaOT+nhxU+yHo=
github.com/hashicorp/golang-lru/v2 v2.0.7 h1:a+bsQ5rvGLjzHuww6tVxozPZFVghXaHOwFs4luLUK2k=
github.com/hashicorp/golang-lru/v2 v2.0.7/go.mod h1:QeFd9opnmA6QUJc5vARoKUSoFhyfM2/ZepoAG6RGpeM=
github.com/mattn/go-isatty v0.0.20 h1:xfD0iDuEKnDkl03q4limB+vH+GxLEtL/jb4xVJSWWEY=
github.com/mattn/go-isatty v0.0.20/go.mod h1:W+V8PltTTMOvKvAeJH7IuucS94S2C6jfK/D7dTCTo3Y=
github.com/ncruces/go-strftime v1.0.0 h1:HMFp8mLCTPp341M/ZnA4qaf7ZlsbTc+miZjCLOFAw7w=
github.com/ncruces/go-strftime v1.0.0/go.mod h1:Fwc5htZGVVkseilnfgOVb9mKy6w1naJmn9CehxcKcls=
github.com/pmezard/go-difflib v1.0.0 h1:4DBwDE0NGyQoBHbLQYPwSUPoCMWR5BEzIk/f1lZbAQM=
github.com/pmezard/go-difflib v1.0.0/go.mod h1:iKH77koFhYxTK1pcRnkKkqfTogsbg7gZNVY4sRDYZ/4=
github.com/remyoudompheng/bigfft v0.0.0-20230129092748-24d4a6f8daec h1:W09IVJc94icq4NjY3clb7Lk8O1qJ8BdBEF8z0ibU0rE=
github.com/remyoudompheng/bigfft v0.0.0-20230129092748-24d4a6f8daec/go.mod h1:qqbHyh8v60DhA7CoWK5oRCqLrMHRGoxYCSS9EjAz6Eo=
github.com/stretchr/testify v1.9.0 h1:HtqpIVDClZ4nwg75+f6Lvsy/wHu+3BoSGCbBAcpTsTg=
github.com/stretchr/testify v1.9.0/go.mod h1:r2ic/lqez/lEtzL7wO/rwa5dbSLXVDPFyf8C91i36aY=
golang.org/x/image v0.0.0-20191009234506-e7c1f5e7dbb8/go.mod h1:FeLwcggjj3mMvU+oOTbSwawSJRM1uh48EjtB4UJZlP0=
golang.org/x/image v0.36.0 h1:Iknbfm1afbgtwPTmHnS2gTM/6PPZfH+z2EFuOkSbqwc=
golang.org/x/image v0.36.0/go.mod h1:YsWD2TyyGKiIX1kZlu9QfKIsQ4nAAK9bdgdrIsE7xy4=
golang.org/x/mod v0.38.0 h1:MECBjubtXD7yj4HrhIUcywNaGeNVUdfVnxmPajOk4yk=
golang.org/x/mod v0.38.0/go.mod h1:V6Xz0pq8TQ3dGqVQ1FVHuelZpAL0uNhSkk9ogYP3c40=
golang.org/x/net v0.50.0 h1:ucWh9eiCGyDR3vtzso0WMQinm2Dnt8cFMuQa9K33J60=
golang.org/x/net v0.50.0/go.mod h1:UgoSli3F/pBgdJBHCTc+tp3gmrU4XswgGRgtnwWTfyM=
golang.org/x/sync v0.22.0 h1:SZjpbeLmrCk4xhRSZFNZW5gFUeCeFgjekvI/+gfScek=
golang.org/x/sync v0.22.0/go.mod h1:9xrNwdLfx4jkKbNva9FpL6vEN7evnE43NNNJQ2LF3+0=
golang.org/x/sys v0.6.0/go.mod h1:oPkhp1MJrh7nUepCBck5+mAzfO9JrbApNNgaTdGDITg=
golang.org/x/sys v0.47.0 h1:o7XGOvZQCADBQQ4Y7VNq2dRWQR7JmOUW8Kxx4ZsNgWs=
golang.org/x/sys v0.47.0/go.mod h1:4GL1E5IUh+htKOUEOaiffhrAeqysfVGipDYzABqnCmw=
golang.org/x/text v0.3.0/go.mod h1:NqM8EUOU14njkJ3fqMW+pc6Ldnwhi/IjpwHt7yyuwOQ=
golang.org/x/tools v0.48.0 h1:3+hClM1aLL5mjMKm5ovokw9epgRXPuu2tILgismM6RE=
golang.org/x/tools v0.48.0/go.mod h1:08xX0orndb/F7jJxGDicx061tyd5pcMto75YMAXr6lk=
gopkg.in/yaml.v3 v3.0.1 h1:fxVm/GzAzEWqLHuvctI91KS9hhNmmWOoWu0XTYJS7CA=
gopkg.in/yaml.v3 v3.0.1/go.mod h1:K4uyk7z7BCEPqu6E+C64Yfv1cQ7kz7rIZviUmN+EgEM=
modernc.org/cc/v4 v4.29.2 h1:h6+9ciCnPKutf4I03CvheAvDLX7+IHlqR6Iy6J+cgd8=
modernc.org/cc/v4 v4.29.2/go.mod h1:OnovgIhbbMXMu1aISnJ0wvVD1KnW+cAUJkIrAWh+kVI=
modernc.org/ccgo/v4 v4.35.0 h1:F+TUsmw09QxLzmi3aeYYGxjAXarmZaKgj3mKQHNaA8w=
modernc.org/ccgo/v4 v4.35.0/go.mod h1:qrVGs9S3Sr2Ztcg9ve+kTAYMp5a3YvWjo+SoN06kJ5I=
modernc.org/fileutil v1.4.0 h1:j6ZzNTftVS054gi281TyLjHPp6CPHr2KCxEXjEbD6SM=
modernc.org/fileutil v1.4.0/go.mod h1:EqdKFDxiByqxLk8ozOxObDSfcVOv/54xDs/DUHdvCUU=
modernc.org/fsm v1.3.2 h1:f58HBydnAmLhugDKOlNniDYfKRcOH/3T4xQTO1AZXag=
modernc.org/fsm v1.3.2/go.mod h1:5eK6OWqnX8io83LPfzIlNnUrkpxN/r1ONq3wVi8kvio=
modernc.org/gc/v2 v2.6.5 h1:nyqdV8q46KvTpZlsw66kWqwXRHdjIlJOhG6kxiV/9xI=
modernc.org/gc/v2 v2.6.5/go.mod h1:YgIahr1ypgfe7chRuJi2gD7DBQiKSLMPgBQe9oIiito=
modernc.org/gc/v3 v3.1.5 h1:21ldfPfRYE31Tb7B3mwAK8gy1AxP4+dKjrOQPfqakoc=
modernc.org/gc/v3 v3.1.5/go.mod h1:HFK/6AGESC7Ex+EZJhJ2Gni6cTaYpSMmU/cT9RmlfYY=
modernc.org/goabi0 v0.2.0 h1:HvEowk7LxcPd0eq6mVOAEMai46V+i7Jrj13t4AzuNks=
modernc.org/goabi0 v0.2.0/go.mod h1:CEFRnnJhKvWT1c1JTI3Avm+tgOWbkOu5oPA8eH8LnMI=
modernc.org/knuth v0.6.0 h1:zLv0hzgdcpcCUB/iMwpQvn9m/iciqO/hyNXlpWymMKU=
modernc.org/knuth v0.6.0/go.mod h1:ISAZV+URZIlE8h1BwNVg1NzpwHKndV5lQ13NPPj3tds=
modernc.org/libX11 v0.11.32 h1:EguJP3/NkVVyMoVPe3rprsFG5SeCZ13Uy8ec8Wxjy80=
modernc.org/libX11 v0.11.32/go.mod h1:PD0RSDo7F+j51YGO/c5+RQ8Wkm7bn0t7V0iv6c1GF8Y=
modernc.org/libXau v0.9.21 h1:z7GLpomnLqi64iXk2qu0lb9VOKz8dNnnwUqQnN2AqcM=
modernc.org/libXau v0.9.21/go.mod h1:wWskW+Ohe7kOR5c6qWOWNgOASRyHA3JjlTZ3JdUl4PQ=
modernc.org/libXdmcp v0.12.24 h1:Y994ixVCmJrjenx7Wmz8Q7/ogD0m1ZyBa9V/hRVgd0E=
modernc.org/libXdmcp v0.12.24/go.mod h1:MFSUIC/xJ9/TTcTRlP542tID0ofnyzPbiZvad3Hgzqk=
modernc.org/libXft v0.10.61 h1:PvdL/HWYyd4emSDrExvBPMeeiJeZUhc/fA0ZTZv/Wl0=
modernc.org/libXft v0.10.61/go.mod h1:wii/LN90HI245CBDdHMGvJEF3wM08/SzbTqyeCT+HvY=
modernc.org/libXrender v0.9.26 h1:1nALOzWUc3uYkh2yLER2Yqhd06+kFio5O6sbbE5Q2+8=
modernc.org/libXrender v0.9.26/go.mod h1:3cUF1jHXXkc+CiqkJBcsUH/etLJ4jsCLF13an7/ShJo=
modernc.org/libbsd v0.11.17 h1:ZtY8N7XYiuXNiLHOIuS1xufscig+GZRlfv1l+9cSRQY=
modernc.org/libbsd v0.11.17/go.mod h1:XkJLiBhqrpjsqjiggUwpydOHYDGN/aKGnYjaEAgnTKw=
modernc.org/libc v1.75.6 h1:yKk8qo+Di4gkmvRboK8ocCqH22FiUCR6jRy2OwtCRus=
modernc.org/libc v1.75.6/go.mod h1:bO5o2ztHxBb2rjz0PgdHN0sSMw57CgxGFLZ3Qd/QpVQ=
modernc.org/libexpat v0.10.27 h1:3ymraCeIUKIjtOWiY+mxKgM5Lhc1tb3a4XQ62SwdpRc=
modernc.org/libexpat v0.10.27/go.mod h1:EubbE9ovqrzOBtKTPa606VY5YbCQCslrvubHuu0Ot4E=
modernc.org/libfontconfig v0.8.17 h1:LD3ffZahwbmbLytLRzGeQPv+28eUo2B5EtabZsQtYtM=
modernc.org/libfontconfig v0.8.17/go.mod h1:3tXp6a99dUudFbcPfescFAxuNNNdNqWgCIGYx3ZusS0=
modernc.org/libfreetype v0.9.30 h1:53Cm8esmWz1fAZxBWg3kX2AadbUjfJT1Nf5U3tsDCoE=
modernc.org/libfreetype v0.9.30/go.mod h1:3ysKxTC3mZiVbsw9Pg5jnXGL2bczRc/l9iG5bidXg00=
modernc.org/libmd v0.12.29 h1:vDwg5bT1p6eKkKJJcyShpljbzAyUiz845LN4c8TDeOI=
modernc.org/libmd v0.12.29/go.mod h1:hivBcSs4UJ1iMVNiIRYTSprEa+4CyAGWR2pNrR6HHXQ=
modernc.org/libtcl9.0 v0.18.0 h1:zoLBmypx1VZTeOMfyeolWUfI0ZxRELSl2GsxstDwjVo=
modernc.org/libtcl9.0 v0.18.0/go.mod h1:SHWFuRBjalsEKVPpFuXK5BHb51rVQtzxAe75mxvw4XE=
modernc.org/libtk9.0 v0.19.0 h1:GBD1h6elegrAtePqq9Feeaf8vvVKQv3DnDhIR21YZ+4=
modernc.org/libtk9.0 v0.19.0/go.mod h1:oxdx0yhkB1fPhvHgbjJeFiFqVKwNo0c4pWfIiZBawyg=
modernc.org/libxcb v0.12.13 h1:6qYqxB376dfPLeb+/P4gnUNMJOSUEbEOZDb/hzB5/XE=
modernc.org/libxcb v0.12.13/go.mod h1:a34p59uSZNavgc2jJtKj6bOp3eHJdC/Jcx2lcef4ZOc=
modernc.org/libz v0.18.0 h1:Rg2Rx3cv45oSnWKnqBXWCuYLEbgUMnqE6GdoYdC5IMI=
modernc.org/libz v0.18.0/go.mod h1:1SnZerLCBIEPO6SwWpw3oKuEaQa9GQYibIQ2N+7sYx8=
modernc.org/mathutil v1.7.1 h1:GCZVGXdaN8gTqB1Mf/usp1Y/hSqgI2vAGGP4jZMCxOU=
modernc.org/mathutil v1.7.1/go.mod h1:4p5IwJITfppl0G4sUEDtCr4DthTaT47/N3aT6MhfgJg=
modernc.org/memory v1.12.1 h1:nFMiWrpStgZczNl6XI9GnIk/rWhYIyHGUaR04pGbp9g=
modernc.org/memory v1.12.1/go.mod h1:/JP4VbVC+K5sU2wZi9bHoq2MAkCnrt2r98UGeSK7Mjw=
modernc.org/ngrab v0.1.0 h1:21cX4tAIfLNjR4ax7JMfHTz2ztnjVGcCSsztoG6EFMk=
modernc.org/ngrab v0.1.0/go.mod h1:dDGjUip6IXmb5Y5M8RPYD7Sg4S/VdfG5akxK34uYtOE=
modernc.org/opt v0.2.0 h1:tGyef5ApycA7FSEOMraay9SaTk5zmbx7Tu+cJs4QKZg=
modernc.org/opt v0.2.0/go.mod h1:03fq9lsNfvkYSfxrfUhZCWPk1lm4cq4N+Bh//bEtgns=
modernc.org/rec v0.3.10 h1:XFxoKjsuYSExrpNu2YgOGNlbz0lSaDo+fXJRPkb6KMg=
modernc.org/rec v0.3.10/go.mod h1:VZJSnRr6je5xEDCsq4FkLEJkMgUoOHGUrO5hhNxGA5E=
modernc.org/regexp v1.7.10 h1:HWE4d/i6nDLHy05omKZSgGsC7QzKuq0Pgqj24yErr6U=
modernc.org/regexp v1.7.10/go.mod h1:DsTv3IO8vq8ahN8IHKJ0s3j5oFNfkBnGN6VuWzr7Afs=
modernc.org/sortutil v1.2.1 h1:+xyoGf15mM3NMlPDnFqrteY07klSFxLElE2PVuWIJ7w=
modernc.org/sortutil v1.2.1/go.mod h1:7ZI3a3REbai7gzCLcotuw9AC4VZVpYMjDzETGsSMqJE=
modernc.org/strutil v1.2.1 h1:UneZBkQA+DX2Rp35KcM69cSsNES9ly8mQWD71HKlOA0=
modernc.org/strutil v1.2.1/go.mod h1:EHkiggD70koQxjVdSBM3JKM7k6L0FbGE5eymy9i3B9A=
modernc.org/tcl9.0 v0.18.0 h1:HiDnNXPrhAiIJMG76vKC6JOAvcBrY0auML/0sJch44k=
modernc.org/tcl9.0 v0.18.0/go.mod h1:tvEZWf8ScKCnRxCbkNgSM0EL87jbi0kDy1BKQ3TBaQA=
modernc.org/tk9.0 v1.80.0 h1:dt0YufVTYqMYFmwVj7gsnQsuxaC9NzTQImY2qOjMAuc=
modernc.org/tk9.0 v1.80.0/go.mod h1:LbS4O/XrVuDk4zsmyUvf/YsRdvE34VCr5ZZRkjt4a5g=
modernc.org/token v1.1.0 h1:Xl7Ap9dKaEs5kLoOQeQmPWevfnk/DM5qcLcYlA8ys6Y=
modernc.org/token v1.1.0/go.mod h1:UGzOrNV1mAFSEB63lOFHIpNRUVMvYTc6yu1SMY/XTDM=
